
Microsoft Visual Studio Solution File, Format Version 12.00
# Visual Studio 2013
VisualStudioVersion = 12.0.21005.1
MinimumVisualStudioVersion = 10.0.40219.1
Project("{FAE04EC0-301F-11D3-BF4B-00C04F79EFBC}") = "CSM", "CSM\CSM.csproj", "{5026998C-2FC6-4C76-8A26-0F270D955458}"
EndProject
Project("{FAE04EC0-301F-11D3-BF4B-00C04F79EFBC}") = "DataAccess.SqlClient", "DataAccess.SqlClient\DataAccess.SqlClient.csproj", "{DC28D058-AADA-4F46-9BF1-2AA8D4945FB7}"
EndProject
Project("{FAE04EC0-301F-11D3-BF4B-00C04F79EFBC}") = "Senparc.Weixin", "Senparc.Weixin\Senparc.Weixin.csproj", "{814092CD-9CD0-4FB7-91E8-D147F476F1FB}"
EndProject
Project("{FAE04EC0-301F-11D3-BF4B-00C04F79EFBC}") = "Senparc.Weixin.MP", "Senparc.Weixin.MP\Senparc.Weixin.MP.csproj", "{1D815FBF-451C-4E23-939C-CB80172F445C}"
EndProject
Project("{FAE04EC0-301F-11D3-BF4B-00C04F79EFBC}") = "Senparc.Weixin.QY", "Senparc.Weixin.QY\Senparc.Weixin.QY.csproj", "{2CA35598-F1A1-4DC9-AA20-A4346BFCB954}"
EndProject
Project("{FAE04EC0-301F-11D3-BF4B-00C04F79EFBC}") = "CSM.Common", "CSM.Common\CSM.Common.csproj", "{7F1818AA-0E56-4523-A964-A67539393E70}"
EndProject
Global
	GlobalSection(SolutionConfigurationPlatforms) = preSolution
		Debug|Any CPU = Debug|Any CPU
		Debug|x86 = Debug|x86
		Release|Any CPU = Release|Any CPU
		Release|x86 = Release|x86
		Test|Any CPU = Test|Any CPU
		Test|x86 = Test|x86
	EndGlobalSection
	GlobalSection(ProjectConfigurationPlatforms) = postSolution
		{5026998C-2FC6-4C76-8A26-0F270D955458}.Debug|Any CPU.ActiveCfg = Debug|Any CPU
		{5026998C-2FC6-4C76-8A26-0F270D955458}.Debug|Any CPU.Build.0 = Debug|Any CPU
		{5026998C-2FC6-4C76-8A26-0F270D955458}.Debug|x86.ActiveCfg = Debug|Any CPU
		{5026998C-2FC6-4C76-8A26-0F270D955458}.Release|Any CPU.ActiveCfg = Release|Any CPU
		{5026998C-2FC6-4C76-8A26-0F270D955458}.Release|Any CPU.Build.0 = Release|Any CPU
		{5026998C-2FC6-4C76-8A26-0F270D955458}.Release|x86.ActiveCfg = Release|Any CPU
		{5026998C-2FC6-4C76-8A26-0F270D955458}.Test|Any CPU.ActiveCfg = Release|Any CPU
		{5026998C-2FC6-4C76-8A26-0F270D955458}.Test|Any CPU.Build.0 = Release|Any CPU
		{5026998C-2FC6-4C76-8A26-0F270D955458}.Test|x86.ActiveCfg = Release|Any CPU
		{DC28D058-AADA-4F46-9BF1-2AA8D4945FB7}.Debug|Any CPU.ActiveCfg = Debug|Any CPU
		{DC28D058-AADA-4F46-9BF1-2AA8D4945FB7}.Debug|Any CPU.Build.0 = Debug|Any CPU
		{DC28D058-AADA-4F46-9BF1-2AA8D4945FB7}.Debug|x86.ActiveCfg = Debug|Any CPU
		{DC28D058-AADA-4F46-9BF1-2AA8D4945FB7}.Release|Any CPU.ActiveCfg = Release|Any CPU
		{DC28D058-AADA-4F46-9BF1-2AA8D4945FB7}.Release|Any CPU.Build.0 = Release|Any CPU
		{DC28D058-AADA-4F46-9BF1-2AA8D4945FB7}.Release|x86.ActiveCfg = Release|Any CPU
		{DC28D058-AADA-4F46-9BF1-2AA8D4945FB7}.Test|Any CPU.ActiveCfg = Release|Any CPU
		{DC28D058-AADA-4F46-9BF1-2AA8D4945FB7}.Test|Any CPU.Build.0 = Release|Any CPU
		{DC28D058-AADA-4F46-9BF1-2AA8D4945FB7}.Test|x86.ActiveCfg = Release|Any CPU
		{814092CD-9CD0-4FB7-91E8-D147F476F1FB}.Debug|Any CPU.ActiveCfg = Debug|Any CPU
		{814092CD-9CD0-4FB7-91E8-D147F476F1FB}.Debug|Any CPU.Build.0 = Debug|Any CPU
		{814092CD-9CD0-4FB7-91E8-D147F476F1FB}.Debug|x86.ActiveCfg = Debug|x86
		{814092CD-9CD0-4FB7-91E8-D147F476F1FB}.Debug|x86.Build.0 = Debug|x86
		{814092CD-9CD0-4FB7-91E8-D147F476F1FB}.Release|Any CPU.ActiveCfg = Release|Any CPU
		{814092CD-9CD0-4FB7-91E8-D147F476F1FB}.Release|Any CPU.Build.0 = Release|Any CPU
		{814092CD-9CD0-4FB7-91E8-D147F476F1FB}.Release|x86.ActiveCfg = Release|x86
		{814092CD-9CD0-4FB7-91E8-D147F476F1FB}.Release|x86.Build.0 = Release|x86
		{814092CD-9CD0-4FB7-91E8-D147F476F1FB}.Test|Any CPU.ActiveCfg = Release|Any CPU
		{814092CD-9CD0-4FB7-91E8-D147F476F1FB}.Test|Any CPU.Build.0 = Release|Any CPU
		{814092CD-9CD0-4FB7-91E8-D147F476F1FB}.Test|x86.ActiveCfg = Release|x86
		{814092CD-9CD0-4FB7-91E8-D147F476F1FB}.Test|x86.Build.0 = Release|x86
		{1D815FBF-451C-4E23-939C-CB80172F445C}.Debug|Any CPU.ActiveCfg = Debug|Any CPU
		{1D815FBF-451C-4E23-939C-CB80172F445C}.Debug|Any CPU.Build.0 = Debug|Any CPU
		{1D815FBF-451C-4E23-939C-CB80172F445C}.Debug|x86.ActiveCfg = Debug|x86
		{1D815FBF-451C-4E23-939C-CB80172F445C}.Debug|x86.Build.0 = Debug|x86
		{1D815FBF-451C-4E23-939C-CB80172F445C}.Release|Any CPU.ActiveCfg = Release|Any CPU
		{1D815FBF-451C-4E23-939C-CB80172F445C}.Release|Any CPU.Build.0 = Release|Any CPU
		{1D815FBF-451C-4E23-939C-CB80172F445C}.Release|x86.ActiveCfg = Release|x86
		{1D815FBF-451C-4E23-939C-CB80172F445C}.Release|x86.Build.0 = Release|x86
		{1D815FBF-451C-4E23-939C-CB80172F445C}.Test|Any CPU.ActiveCfg = Test|Any CPU
		{1D815FBF-451C-4E23-939C-CB80172F445C}.Test|Any CPU.Build.0 = Test|Any CPU
		{1D815FBF-451C-4E23-939C-CB80172F445C}.Test|x86.ActiveCfg = Test|x86
		{1D815FBF-451C-4E23-939C-CB80172F445C}.Test|x86.Build.0 = Test|x86
		{2CA35598-F1A1-4DC9-AA20-A4346BFCB954}.Debug|Any CPU.ActiveCfg = Debug|Any CPU
		{2CA35598-F1A1-4DC9-AA20-A4346BFCB954}.Debug|Any CPU.Build.0 = Debug|Any CPU
		{2CA35598-F1A1-4DC9-AA20-A4346BFCB954}.Debug|x86.ActiveCfg = Debug|x86
		{2CA35598-F1A1-4DC9-AA20-A4346BFCB954}.Debug|x86.Build.0 = Debug|x86
		{2CA35598-F1A1-4DC9-AA20-A4346BFCB954}.Release|Any CPU.ActiveCfg = Release|Any CPU
		{2CA35598-F1A1-4DC9-AA20-A4346BFCB954}.Release|Any CPU.Build.0 = Release|Any CPU
		{2CA35598-F1A1-4DC9-AA20-A4346BFCB954}.Release|x86.ActiveCfg = Release|x86
		{2CA35598-F1A1-4DC9-AA20-A4346BFCB954}.Release|x86.Build.0 = Release|x86
		{2CA35598-F1A1-4DC9-AA20-A4346BFCB954}.Test|Any CPU.ActiveCfg = Release|Any CPU
		{2CA35598-F1A1-4DC9-AA20-A4346BFCB954}.Test|Any CPU.Build.0 = Release|Any CPU
		{2CA35598-F1A1-4DC9-AA20-A4346BFCB954}.Test|x86.ActiveCfg = Release|x86
		{2CA35598-F1A1-4DC9-AA20-A4346BFCB954}.Test|x86.Build.0 = Release|x86
		{7F1818AA-0E56-4523-A964-A67539393E70}.Debug|Any CPU.ActiveCfg = Debug|Any CPU
		{7F1818AA-0E56-4523-A964-A67539393E70}.Debug|Any CPU.Build.0 = Debug|Any CPU
		{7F1818AA-0E56-4523-A964-A67539393E70}.Debug|x86.ActiveCfg = Debug|Any CPU
		{7F1818AA-0E56-4523-A964-A67539393E70}.Release|Any CPU.ActiveCfg = Release|Any CPU
		{7F1818AA-0E56-4523-A964-A67539393E70}.Release|Any CPU.Build.0 = Release|Any CPU
		{7F1818AA-0E56-4523-A964-A67539393E70}.Release|x86.ActiveCfg = Release|Any CPU
		{7F1818AA-0E56-4523-A964-A67539393E70}.Test|Any CPU.ActiveCfg = Release|Any CPU
		{7F1818AA-0E56-4523-A964-A67539393E70}.Test|Any CPU.Build.0 = Release|Any CPU
		{7F1818AA-0E56-4523-A964-A67539393E70}.Test|x86.ActiveCfg = Release|Any CPU
	EndGlobalSection
	GlobalSection(SolutionProperties) = preSolution
		HideSolutionNode = FALSE
	EndGlobalSection
EndGlobal
